
Microsoft Visual Studio Solution File, Format Version 12.00
# Visual Studio Version 16
VisualStudioVersion = 16.0.32630.194
MinimumVisualStudioVersion = 10.0.40219.1
Project("{2150E333-8FDC-42A3-9474-1A3956D46DE8}") = "高中数学", "高中数学", "{234C5593-2D2C-4D1A-A3CE-DC248BAB45F3}"
EndProject
Project("{8BC9CEB8-8B4A-11D0-8D11-00A0C91BC942}") = "04.整式除法", "高中数学\code\04.整式除法\04.整式除法.vcxproj", "{40986429-867E-4B57-BB24-59D8BE3E2D9F}"
EndProject
Project("{8BC9CEB8-8B4A-11D0-8D11-00A0C91BC942}") = "arrangement", "高中数学\code\arrangement\arrangement.vcxproj", "{E6949D6C-C398-4C22-8427-26E6263178C2}"
EndProject
Project("{8BC9CEB8-8B4A-11D0-8D11-00A0C91BC942}") = "formula", "高中数学\code\formula\formula.vcxproj", "{AC2D41CC-5734-4F50-85E8-0A452B27900E}"
EndProject
Project("{8BC9CEB8-8B4A-11D0-8D11-00A0C91BC942}") = "勾股数", "高中数学\code\勾股数\勾股数.vcxproj", "{EB809A28-69E3-489C-B3D8-DA2C8703927D}"
EndProject
Project("{8BC9CEB8-8B4A-11D0-8D11-00A0C91BC942}") = "combination", "高中数学\code\combination\combination.vcxproj", "{56D5EE0E-2FA5-42A4-8C92-9E199096F71B}"
EndProject
Project("{8BC9CEB8-8B4A-11D0-8D11-00A0C91BC942}") = "正弦函数的三角函数表", "高中数学\code\正弦函数的三角函数表\正弦函数的三角函数表.vcxproj", "{BD12D88C-057E-4843-8302-ABC94456B682}"
EndProject
Project("{2150E333-8FDC-42A3-9474-1A3956D46DE8}") = "高等数学", "高等数学", "{5D647E75-FDCE-47D4-BA9F-F54C9EB9FAEE}"
EndProject
Project("{8BC9CEB8-8B4A-11D0-8D11-00A0C91BC942}") = "割圆术", "高等数学\code\割圆术\割圆术.vcxproj", "{CB4890CA-878F-49C4-8D4D-532617537861}"
EndProject
Project("{8BC9CEB8-8B4A-11D0-8D11-00A0C91BC942}") = "bisection", "高中数学\code\bisection\bisection.vcxproj", "{62603C0F-BAE4-4026-87D1-734E7DF38E92}"
EndProject
Project("{8BC9CEB8-8B4A-11D0-8D11-00A0C91BC942}") = "line", "高中数学\code\line\line.vcxproj", "{FC3CB520-E517-479B-A4F4-5AB6C80DFCED}"
EndProject
Project("{8BC9CEB8-8B4A-11D0-8D11-00A0C91BC942}") = "估计根号2", "高中数学\code\估计根号2\估计根号2.vcxproj", "{BB1062F8-F2CA-4010-AA12-FA86B478F240}"
EndProject
Project("{8BC9CEB8-8B4A-11D0-8D11-00A0C91BC942}") = "牛顿法求方程近似解", "高中数学\code\牛顿法求方程近似解\牛顿法求方程近似解.vcxproj", "{02EDBEFD-8C6C-48A8-89A8-35FE18C55EFA}"
EndProject
Global
	GlobalSection(SolutionConfigurationPlatforms) = preSolution
		Debug|x64 = Debug|x64
		Debug|x86 = Debug|x86
		Release|x64 = Release|x64
		Release|x86 = Release|x86
	EndGlobalSection
	GlobalSection(ProjectConfigurationPlatforms) = postSolution
		{40986429-867E-4B57-BB24-59D8BE3E2D9F}.Debug|x64.ActiveCfg = Debug|x64
		{40986429-867E-4B57-BB24-59D8BE3E2D9F}.Debug|x64.Build.0 = Debug|x64
		{40986429-867E-4B57-BB24-59D8BE3E2D9F}.Debug|x86.ActiveCfg = Debug|Win32
		{40986429-867E-4B57-BB24-59D8BE3E2D9F}.Debug|x86.Build.0 = Debug|Win32
		{40986429-867E-4B57-BB24-59D8BE3E2D9F}.Release|x64.ActiveCfg = Release|x64
		{40986429-867E-4B57-BB24-59D8BE3E2D9F}.Release|x64.Build.0 = Release|x64
		{40986429-867E-4B57-BB24-59D8BE3E2D9F}.Release|x86.ActiveCfg = Release|Win32
		{40986429-867E-4B57-BB24-59D8BE3E2D9F}.Release|x86.Build.0 = Release|Win32
		{E6949D6C-C398-4C22-8427-26E6263178C2}.Debug|x64.ActiveCfg = Debug|x64
		{E6949D6C-C398-4C22-8427-26E6263178C2}.Debug|x64.Build.0 = Debug|x64
		{E6949D6C-C398-4C22-8427-26E6263178C2}.Debug|x86.ActiveCfg = Debug|Win32
		{E6949D6C-C398-4C22-8427-26E6263178C2}.Debug|x86.Build.0 = Debug|Win32
		{E6949D6C-C398-4C22-8427-26E6263178C2}.Release|x64.ActiveCfg = Release|x64
		{E6949D6C-C398-4C22-8427-26E6263178C2}.Release|x64.Build.0 = Release|x64
		{E6949D6C-C398-4C22-8427-26E6263178C2}.Release|x86.ActiveCfg = Release|Win32
		{E6949D6C-C398-4C22-8427-26E6263178C2}.Release|x86.Build.0 = Release|Win32
		{AC2D41CC-5734-4F50-85E8-0A452B27900E}.Debug|x64.ActiveCfg = Debug|x64
		{AC2D41CC-5734-4F50-85E8-0A452B27900E}.Debug|x64.Build.0 = Debug|x64
		{AC2D41CC-5734-4F50-85E8-0A452B27900E}.Debug|x86.ActiveCfg = Debug|Win32
		{AC2D41CC-5734-4F50-85E8-0A452B27900E}.Debug|x86.Build.0 = Debug|Win32
		{AC2D41CC-5734-4F50-85E8-0A452B27900E}.Release|x64.ActiveCfg = Release|x64
		{AC2D41CC-5734-4F50-85E8-0A452B27900E}.Release|x64.Build.0 = Release|x64
		{AC2D41CC-5734-4F50-85E8-0A452B27900E}.Release|x86.ActiveCfg = Release|Win32
		{AC2D41CC-5734-4F50-85E8-0A452B27900E}.Release|x86.Build.0 = Release|Win32
		{EB809A28-69E3-489C-B3D8-DA2C8703927D}.Debug|x64.ActiveCfg = Debug|x64
		{EB809A28-69E3-489C-B3D8-DA2C8703927D}.Debug|x64.Build.0 = Debug|x64
		{EB809A28-69E3-489C-B3D8-DA2C8703927D}.Debug|x86.ActiveCfg = Debug|Win32
		{EB809A28-69E3-489C-B3D8-DA2C8703927D}.Debug|x86.Build.0 = Debug|Win32
		{EB809A28-69E3-489C-B3D8-DA2C8703927D}.Release|x64.ActiveCfg = Release|x64
		{EB809A28-69E3-489C-B3D8-DA2C8703927D}.Release|x64.Build.0 = Release|x64
		{EB809A28-69E3-489C-B3D8-DA2C8703927D}.Release|x86.ActiveCfg = Release|Win32
		{EB809A28-69E3-489C-B3D8-DA2C8703927D}.Release|x86.Build.0 = Release|Win32
		{56D5EE0E-2FA5-42A4-8C92-9E199096F71B}.Debug|x64.ActiveCfg = Debug|x64
		{56D5EE0E-2FA5-42A4-8C92-9E199096F71B}.Debug|x64.Build.0 = Debug|x64
		{56D5EE0E-2FA5-42A4-8C92-9E199096F71B}.Debug|x86.ActiveCfg = Debug|Win32
		{56D5EE0E-2FA5-42A4-8C92-9E199096F71B}.Debug|x86.Build.0 = Debug|Win32
		{56D5EE0E-2FA5-42A4-8C92-9E199096F71B}.Release|x64.ActiveCfg = Release|x64
		{56D5EE0E-2FA5-42A4-8C92-9E199096F71B}.Release|x64.Build.0 = Release|x64
		{56D5EE0E-2FA5-42A4-8C92-9E199096F71B}.Release|x86.ActiveCfg = Release|Win32
		{56D5EE0E-2FA5-42A4-8C92-9E199096F71B}.Release|x86.Build.0 = Release|Win32
		{BD12D88C-057E-4843-8302-ABC94456B682}.Debug|x64.ActiveCfg = Debug|x64
		{BD12D88C-057E-4843-8302-ABC94456B682}.Debug|x64.Build.0 = Debug|x64
		{BD12D88C-057E-4843-8302-ABC94456B682}.Debug|x86.ActiveCfg = Debug|Win32
		{BD12D88C-057E-4843-8302-ABC94456B682}.Debug|x86.Build.0 = Debug|Win32
		{BD12D88C-057E-4843-8302-ABC94456B682}.Release|x64.ActiveCfg = Release|x64
		{BD12D88C-057E-4843-8302-ABC94456B682}.Release|x64.Build.0 = Release|x64
		{BD12D88C-057E-4843-8302-ABC94456B682}.Release|x86.ActiveCfg = Release|Win32
		{BD12D88C-057E-4843-8302-ABC94456B682}.Release|x86.Build.0 = Release|Win32
		{CB4890CA-878F-49C4-8D4D-532617537861}.Debug|x64.ActiveCfg = Debug|x64
		{CB4890CA-878F-49C4-8D4D-532617537861}.Debug|x64.Build.0 = Debug|x64
		{CB4890CA-878F-49C4-8D4D-532617537861}.Debug|x86.ActiveCfg = Debug|Win32
		{CB4890CA-878F-49C4-8D4D-532617537861}.Debug|x86.Build.0 = Debug|Win32
		{CB4890CA-878F-49C4-8D4D-532617537861}.Release|x64.ActiveCfg = Release|x64
		{CB4890CA-878F-49C4-8D4D-532617537861}.Release|x64.Build.0 = Release|x64
		{CB4890CA-878F-49C4-8D4D-532617537861}.Release|x86.ActiveCfg = Release|Win32
		{CB4890CA-878F-49C4-8D4D-532617537861}.Release|x86.Build.0 = Release|Win32
		{62603C0F-BAE4-4026-87D1-734E7DF38E92}.Debug|x64.ActiveCfg = Debug|x64
		{62603C0F-BAE4-4026-87D1-734E7DF38E92}.Debug|x64.Build.0 = Debug|x64
		{62603C0F-BAE4-4026-87D1-734E7DF38E92}.Debug|x86.ActiveCfg = Debug|Win32
		{62603C0F-BAE4-4026-87D1-734E7DF38E92}.Debug|x86.Build.0 = Debug|Win32
		{62603C0F-BAE4-4026-87D1-734E7DF38E92}.Release|x64.ActiveCfg = Release|x64
		{62603C0F-BAE4-4026-87D1-734E7DF38E92}.Release|x64.Build.0 = Release|x64
		{62603C0F-BAE4-4026-87D1-734E7DF38E92}.Release|x86.ActiveCfg = Release|Win32
		{62603C0F-BAE4-4026-87D1-734E7DF38E92}.Release|x86.Build.0 = Release|Win32
		{FC3CB520-E517-479B-A4F4-5AB6C80DFCED}.Debug|x64.ActiveCfg = Debug|x64
		{FC3CB520-E517-479B-A4F4-5AB6C80DFCED}.Debug|x64.Build.0 = Debug|x64
		{FC3CB520-E517-479B-A4F4-5AB6C80DFCED}.Debug|x86.ActiveCfg = Debug|Win32
		{FC3CB520-E517-479B-A4F4-5AB6C80DFCED}.Debug|x86.Build.0 = Debug|Win32
		{FC3CB520-E517-479B-A4F4-5AB6C80DFCED}.Release|x64.ActiveCfg = Release|x64
		{FC3CB520-E517-479B-A4F4-5AB6C80DFCED}.Release|x64.Build.0 = Release|x64
		{FC3CB520-E517-479B-A4F4-5AB6C80DFCED}.Release|x86.ActiveCfg = Release|Win32
		{FC3CB520-E517-479B-A4F4-5AB6C80DFCED}.Release|x86.Build.0 = Release|Win32
		{BB1062F8-F2CA-4010-AA12-FA86B478F240}.Debug|x64.ActiveCfg = Debug|x64
		{BB1062F8-F2CA-4010-AA12-FA86B478F240}.Debug|x64.Build.0 = Debug|x64
		{BB1062F8-F2CA-4010-AA12-FA86B478F240}.Debug|x86.ActiveCfg = Debug|Win32
		{BB1062F8-F2CA-4010-AA12-FA86B478F240}.Debug|x86.Build.0 = Debug|Win32
		{BB1062F8-F2CA-4010-AA12-FA86B478F240}.Release|x64.ActiveCfg = Release|x64
		{BB1062F8-F2CA-4010-AA12-FA86B478F240}.Release|x64.Build.0 = Release|x64
		{BB1062F8-F2CA-4010-AA12-FA86B478F240}.Release|x86.ActiveCfg = Release|Win32
		{BB1062F8-F2CA-4010-AA12-FA86B478F240}.Release|x86.Build.0 = Release|Win32
		{02EDBEFD-8C6C-48A8-89A8-35FE18C55EFA}.Debug|x64.ActiveCfg = Debug|x64
		{02EDBEFD-8C6C-48A8-89A8-35FE18C55EFA}.Debug|x64.Build.0 = Debug|x64
		{02EDBEFD-8C6C-48A8-89A8-35FE18C55EFA}.Debug|x86.ActiveCfg = Debug|Win32
		{02EDBEFD-8C6C-48A8-89A8-35FE18C55EFA}.Debug|x86.Build.0 = Debug|Win32
		{02EDBEFD-8C6C-48A8-89A8-35FE18C55EFA}.Release|x64.ActiveCfg = Release|x64
		{02EDBEFD-8C6C-48A8-89A8-35FE18C55EFA}.Release|x64.Build.0 = Release|x64
		{02EDBEFD-8C6C-48A8-89A8-35FE18C55EFA}.Release|x86.ActiveCfg = Release|Win32
		{02EDBEFD-8C6C-48A8-89A8-35FE18C55EFA}.Release|x86.Build.0 = Release|Win32
	EndGlobalSection
	GlobalSection(SolutionProperties) = preSolution
		HideSolutionNode = FALSE
	EndGlobalSection
	GlobalSection(NestedProjects) = preSolution
		{40986429-867E-4B57-BB24-59D8BE3E2D9F} = {234C5593-2D2C-4D1A-A3CE-DC248BAB45F3}
		{E6949D6C-C398-4C22-8427-26E6263178C2} = {234C5593-2D2C-4D1A-A3CE-DC248BAB45F3}
		{AC2D41CC-5734-4F50-85E8-0A452B27900E} = {234C5593-2D2C-4D1A-A3CE-DC248BAB45F3}
		{EB809A28-69E3-489C-B3D8-DA2C8703927D} = {234C5593-2D2C-4D1A-A3CE-DC248BAB45F3}
		{56D5EE0E-2FA5-42A4-8C92-9E199096F71B} = {234C5593-2D2C-4D1A-A3CE-DC248BAB45F3}
		{BD12D88C-057E-4843-8302-ABC94456B682} = {234C5593-2D2C-4D1A-A3CE-DC248BAB45F3}
		{CB4890CA-878F-49C4-8D4D-532617537861} = {5D647E75-FDCE-47D4-BA9F-F54C9EB9FAEE}
		{62603C0F-BAE4-4026-87D1-734E7DF38E92} = {234C5593-2D2C-4D1A-A3CE-DC248BAB45F3}
		{FC3CB520-E517-479B-A4F4-5AB6C80DFCED} = {234C5593-2D2C-4D1A-A3CE-DC248BAB45F3}
		{BB1062F8-F2CA-4010-AA12-FA86B478F240} = {234C5593-2D2C-4D1A-A3CE-DC248BAB45F3}
		{02EDBEFD-8C6C-48A8-89A8-35FE18C55EFA} = {234C5593-2D2C-4D1A-A3CE-DC248BAB45F3}
	EndGlobalSection
	GlobalSection(ExtensibilityGlobals) = postSolution
		SolutionGuid = {E5551180-D73D-4F73-B65E-74123C3D3849}
	EndGlobalSection
EndGlobal
